
Microsoft Visual Studio Solution File, Format Version 12.00
# Visual Studio Version 17
VisualStudioVersion = 17.3.32825.248
MinimumVisualStudioVersion = 10.0.40219.1
Project("{FAE04EC0-301F-11D3-BF4B-00C04F79EFBC}") = "TestProject1", "TestProject1\TestProject1.csproj", "{29ED8F6D-6D76-49F5-A90E-702F9C67DC00}"
EndProject
Global
	GlobalSection(SolutionConfigurationPlatforms) = preSolution
		Debug|Any CPU = Debug|Any CPU
		Release|Any CPU = Release|Any CPU
	EndGlobalSection
	GlobalSection(ProjectConfigurationPlatforms) = postSolution
		{29ED8F6D-6D76-49F5-A90E-702F9C67DC00}.Debug|Any CPU.ActiveCfg = Debug|Any CPU
		{29ED8F6D-6D76-49F5-A90E-702F9C67DC00}.Debug|Any CPU.Build.0 = Debug|Any CPU
		{29ED8F6D-6D76-49F5-A90E-702F9C67DC00}.Release|Any CPU.ActiveCfg = Release|Any CPU
		{29ED8F6D-6D76-49F5-A90E-702F9C67DC00}.Release|Any CPU.Build.0 = Release|Any CPU
	EndGlobalSection
	GlobalSection(SolutionProperties) = preSolution
		HideSolutionNode = FALSE
	EndGlobalSection
	GlobalSection(ExtensibilityGlobals) = postSolution
		SolutionGuid = {B9D48B32-EC75-4552-A9AE-E5F73A3A09E3}
	EndGlobalSection
EndGlobal
